lockfileVersion: '6.0'

settings:
  autoInstallPeers: true
  excludeLinksFromLockfile: false

dependencies:
  '@types/node':
    specifier: ^20.12.12
    version: 20.12.12
  cross-spawn:
    specifier: ^7.0.3
    version: r2.cnpmjs.org/cross-spawn@7.0.3

devDependencies:
  typescript:
    specifier: ^5.4.5
    version: 5.4.5

packages:

  /@types/node@20.12.12:
    resolution: {integrity: sha512-eWLDGF/FOSPtAvEqeRAQ4C8LSA7M1I7i0ky1I8U7kD1J5ITyW3AsRhQrKVoWf5pFKZ2kILsEGJhsI9r93PYnOw==}
    dependencies:
      undici-types: 5.26.5
    dev: false

  /typescript@5.4.5:
    resolution: {integrity: sha512-vcI4UpRgg81oIRUFwR0WSIHKt11nJ7SAVlYNIu+QpqeyXP+gpQJy/Z4+F0aGxSE4MqwjyXvW/TzgkLAx2AGHwQ==}
    engines: {node: '>=14.17'}
    hasBin: true
    dev: true

  /undici-types@5.26.5:
    resolution: {integrity: sha512-JlCMO+ehdEIKqlFxk6IfVoAUVmgz7cU7zD/h9XZ0qzeosSHmUJVOzSQvvYSYWXkFXC+IfLKSIffhv0sVZup6pA==}
    dev: false

  r2.cnpmjs.org/cross-spawn@7.0.3:
    resolution: {integrity: sha512-iRDPJKUPVEND7dHPO8rkbOnPpyDygcDFtWjpeWNCgy8WP2rXcxXL8TskReQl6OrB2G7+UJrags1q15Fudc7G6w==, registry: http://r.cnpmjs.org/, tarball: https://r2.cnpmjs.org/cross-spawn/-/cross-spawn-7.0.3.tgz}
    name: cross-spawn
    version: 7.0.3
    engines: {node: '>= 8'}
    dependencies:
      path-key: r2.cnpmjs.org/path-key@3.1.1
      shebang-command: r2.cnpmjs.org/shebang-command@2.0.0
      which: r2.cnpmjs.org/which@2.0.2
    dev: false

  r2.cnpmjs.org/isexe@2.0.0:
    resolution: {integrity: sha512-RHxMLp9lnKHGHRng9QFhRCMbYAcVpn69smSGcq3f36xjgVVWThj4qqLbTLlq7Ssj8B+fIQ1EuCEGI2lKsyQeIw==, registry: http://r.cnpmjs.org/, tarball: https://r2.cnpmjs.org/isexe/-/isexe-2.0.0.tgz}
    name: isexe
    version: 2.0.0
    dev: false

  r2.cnpmjs.org/path-key@3.1.1:
    resolution: {integrity: sha512-ojmeN0qd+y0jszEtoY48r0Peq5dwMEkIlCOu6Q5f41lfkswXuKtYrhgoTpLnyIcHm24Uhqx+5Tqm2InSwLhE6Q==, registry: http://r.cnpmjs.org/, tarball: https://r2.cnpmjs.org/path-key/-/path-key-3.1.1.tgz}
    name: path-key
    version: 3.1.1
    engines: {node: '>=8'}
    dev: false

  r2.cnpmjs.org/shebang-command@2.0.0:
    resolution: {integrity: sha512-kHxr2zZpYtdmrN1qDjrrX/Z1rR1kG8Dx+gkpK1G4eXmvXswmcE1hTWBWYUzlraYw1/yZp6YuDY77YtvbN0dmDA==, registry: http://r.cnpmjs.org/, tarball: https://r2.cnpmjs.org/shebang-command/-/shebang-command-2.0.0.tgz}
    name: shebang-command
    version: 2.0.0
    engines: {node: '>=8'}
    dependencies:
      shebang-regex: r2.cnpmjs.org/shebang-regex@3.0.0
    dev: false

  r2.cnpmjs.org/shebang-regex@3.0.0:
    resolution: {integrity: sha512-7++dFhtcx3353uBaq8DDR4NuxBetBzC7ZQOhmTQInHEd6bSrXdiEyzCvG07Z44UYdLShWUyXt5M/yhz8ekcb1A==, registry: http://r.cnpmjs.org/, tarball: https://r2.cnpmjs.org/shebang-regex/-/shebang-regex-3.0.0.tgz}
    name: shebang-regex
    version: 3.0.0
    engines: {node: '>=8'}
    dev: false

  r2.cnpmjs.org/which@2.0.2:
    resolution: {integrity: sha512-BLI3Tl1TW3Pvl70l3yq3Y64i+awpwXqsGBYWkkqMtnbXgrMD+yj7rhW0kuEDxzJaYXGjEW5ogapKNMEKNMjibA==, registry: http://r.cnpmjs.org/, tarball: https://r2.cnpmjs.org/which/-/which-2.0.2.tgz}
    name: which
    version: 2.0.2
    engines: {node: '>= 8'}
    hasBin: true
    dependencies:
      isexe: r2.cnpmjs.org/isexe@2.0.0
    dev: false
